
Microsoft Visual Studio Solution File, Format Version 12.00
# Visual Studio Version 16
VisualStudioVersion = 16.0.30621.155
MinimumVisualStudioVersion = 10.0.40219.1
Project("{FAE04EC0-301F-11D3-BF4B-00C04F79EFBC}") = "UNITE.Util", "UNITE.Util\UNITE.Util.csproj", "{46DE6A72-9F52-40BD-BC26-D7E7DCF18DB5}"
EndProject
Project("{FAE04EC0-301F-11D3-BF4B-00C04F79EFBC}") = "UNITE.CLI", "UNITE.CLI\UNITE.CLI.csproj", "{70533429-03CF-49F9-A7CD-07AC364DD129}"
EndProject
Project("{FAE04EC0-301F-11D3-BF4B-00C04F79EFBC}") = "UNITE.Util.Tests", "UNITE.Util.Tests\UNITE.Util.Tests.csproj", "{58F07308-742B-4287-89F5-F9509A144E25}"
EndProject
Global
	GlobalSection(SolutionConfigurationPlatforms) = preSolution
		Debug|Any CPU = Debug|Any CPU
		Release|Any CPU = Release|Any CPU
	EndGlobalSection
	GlobalSection(ProjectConfigurationPlatforms) = postSolution
		{46DE6A72-9F52-40BD-BC26-D7E7DCF18DB5}.Debug|Any CPU.ActiveCfg = Debug|Any CPU
		{46DE6A72-9F52-40BD-BC26-D7E7DCF18DB5}.Debug|Any CPU.Build.0 = Debug|Any CPU
		{46DE6A72-9F52-40BD-BC26-D7E7DCF18DB5}.Release|Any CPU.ActiveCfg = Release|Any CPU
		{46DE6A72-9F52-40BD-BC26-D7E7DCF18DB5}.Release|Any CPU.Build.0 = Release|Any CPU
		{70533429-03CF-49F9-A7CD-07AC364DD129}.Debug|Any CPU.ActiveCfg = Debug|Any CPU
		{70533429-03CF-49F9-A7CD-07AC364DD129}.Debug|Any CPU.Build.0 = Debug|Any CPU
		{70533429-03CF-49F9-A7CD-07AC364DD129}.Release|Any CPU.ActiveCfg = Release|Any CPU
		{70533429-03CF-49F9-A7CD-07AC364DD129}.Release|Any CPU.Build.0 = Release|Any CPU
		{58F07308-742B-4287-89F5-F9509A144E25}.Debug|Any CPU.ActiveCfg = Debug|Any CPU
		{58F07308-742B-4287-89F5-F9509A144E25}.Debug|Any CPU.Build.0 = Debug|Any CPU
		{58F07308-742B-4287-89F5-F9509A144E25}.Release|Any CPU.ActiveCfg = Release|Any CPU
		{58F07308-742B-4287-89F5-F9509A144E25}.Release|Any CPU.Build.0 = Release|Any CPU
	EndGlobalSection
	GlobalSection(SolutionProperties) = preSolution
		HideSolutionNode = FALSE
	EndGlobalSection
	GlobalSection(ExtensibilityGlobals) = postSolution
		SolutionGuid = {12618BBF-4434-4854-8E7A-383BE5DA9EC0}
	EndGlobalSection
EndGlobal
